
Microsoft Visual Studio Solution File, Format Version 12.00
# Visual Studio Version 17
VisualStudioVersion = 17.0.31903.59
MinimumVisualStudioVersion = 10.0.40219.1
Project("{2150E333-8FDC-42A3-9474-1A3956D46DE8}") = "src", "src", "{827E0CD3-B72D-47B6-A68D-7590B98EB39B}"
EndProject
Project("{FAE04EC0-301F-11D3-BF4B-00C04F79EFBC}") = "InsuranceApp.Web", "src\InsuranceApp.Web\InsuranceApp.Web.csproj", "{5F1C0E60-4446-4011-84A9-161810A4ABAC}"
EndProject
Project("{FAE04EC0-301F-11D3-BF4B-00C04F79EFBC}") = "InsuranceApp.Api", "src\InsuranceApp.Api\InsuranceApp.Api.csproj", "{88568E47-F41C-4C4E-AAEC-DA6D2019C5A6}"
EndProject
Project("{FAE04EC0-301F-11D3-BF4B-00C04F79EFBC}") = "InsuranceApp.Application", "src\InsuranceApp.Application\InsuranceApp.Application.csproj", "{1A7B0C17-1355-445A-8981-89C9E1B76AB4}"
EndProject
Project("{FAE04EC0-301F-11D3-BF4B-00C04F79EFBC}") = "InsuranceApp.Domain", "src\InsuranceApp.Domain\InsuranceApp.Domain.csproj", "{C5CBDFAC-3637-4D52-BBBD-9EABDCF1F28F}"
EndProject
Project("{FAE04EC0-301F-11D3-BF4B-00C04F79EFBC}") = "InsuranceApp.Infrastructure", "src\InsuranceApp.Infrastructure\InsuranceApp.Infrastructure.csproj", "{9D72DE0B-DC0B-47E7-96FA-2AFB05286CDE}"
EndProject
Project("{FAE04EC0-301F-11D3-BF4B-00C04F79EFBC}") = "InsuranceApp.Contracts", "src\InsuranceApp.Contracts\InsuranceApp.Contracts.csproj", "{6C6476FB-3D4E-4545-93E6-FB6E29A45CCC}"
EndProject
Project("{FAE04EC0-301F-11D3-BF4B-00C04F79EFBC}") = "InsuranceApp.Workers", "src\InsuranceApp.Workers\InsuranceApp.Workers.csproj", "{36EAF3EF-FEA6-4D54-B24D-A4A2AC0F8420}"
EndProject
Project("{2150E333-8FDC-42A3-9474-1A3956D46DE8}") = "tests", "tests", "{0AB3BF05-4346-4AA6-1389-037BE0695223}"
EndProject
Project("{FAE04EC0-301F-11D3-BF4B-00C04F79EFBC}") = "InsuranceApp.Tests", "tests\InsuranceApp.Tests\InsuranceApp.Tests.csproj", "{CE74B716-E1C5-42CC-9B3F-66E82FD7B78C}"
EndProject
Global
	GlobalSection(SolutionConfigurationPlatforms) = preSolution
		Debug|Any CPU = Debug|Any CPU
		Debug|x64 = Debug|x64
		Debug|x86 = Debug|x86
		Release|Any CPU = Release|Any CPU
		Release|x64 = Release|x64
		Release|x86 = Release|x86
	EndGlobalSection
	GlobalSection(ProjectConfigurationPlatforms) = postSolution
		{5F1C0E60-4446-4011-84A9-161810A4ABAC}.Debug|Any CPU.ActiveCfg = Debug|Any CPU
		{5F1C0E60-4446-4011-84A9-161810A4ABAC}.Debug|Any CPU.Build.0 = Debug|Any CPU
		{5F1C0E60-4446-4011-84A9-161810A4ABAC}.Debug|x64.ActiveCfg = Debug|Any CPU
		{5F1C0E60-4446-4011-84A9-161810A4ABAC}.Debug|x64.Build.0 = Debug|Any CPU
		{5F1C0E60-4446-4011-84A9-161810A4ABAC}.Debug|x86.ActiveCfg = Debug|Any CPU
		{5F1C0E60-4446-4011-84A9-161810A4ABAC}.Debug|x86.Build.0 = Debug|Any CPU
		{5F1C0E60-4446-4011-84A9-161810A4ABAC}.Release|Any CPU.ActiveCfg = Release|Any CPU
		{5F1C0E60-4446-4011-84A9-161810A4ABAC}.Release|Any CPU.Build.0 = Release|Any CPU
		{5F1C0E60-4446-4011-84A9-161810A4ABAC}.Release|x64.ActiveCfg = Release|Any CPU
		{5F1C0E60-4446-4011-84A9-161810A4ABAC}.Release|x64.Build.0 = Release|Any CPU
		{5F1C0E60-4446-4011-84A9-161810A4ABAC}.Release|x86.ActiveCfg = Release|Any CPU
		{5F1C0E60-4446-4011-84A9-161810A4ABAC}.Release|x86.Build.0 = Release|Any CPU
		{88568E47-F41C-4C4E-AAEC-DA6D2019C5A6}.Debug|Any CPU.ActiveCfg = Debug|Any CPU
		{88568E47-F41C-4C4E-AAEC-DA6D2019C5A6}.Debug|Any CPU.Build.0 = Debug|Any CPU
		{88568E47-F41C-4C4E-AAEC-DA6D2019C5A6}.Debug|x64.ActiveCfg = Debug|Any CPU
		{88568E47-F41C-4C4E-AAEC-DA6D2019C5A6}.Debug|x64.Build.0 = Debug|Any CPU
		{88568E47-F41C-4C4E-AAEC-DA6D2019C5A6}.Debug|x86.ActiveCfg = Debug|Any CPU
		{88568E47-F41C-4C4E-AAEC-DA6D2019C5A6}.Debug|x86.Build.0 = Debug|Any CPU
		{88568E47-F41C-4C4E-AAEC-DA6D2019C5A6}.Release|Any CPU.ActiveCfg = Release|Any CPU
		{88568E47-F41C-4C4E-AAEC-DA6D2019C5A6}.Release|Any CPU.Build.0 = Release|Any CPU
		{88568E47-F41C-4C4E-AAEC-DA6D2019C5A6}.Release|x64.ActiveCfg = Release|Any CPU
		{88568E47-F41C-4C4E-AAEC-DA6D2019C5A6}.Release|x64.Build.0 = Release|Any CPU
		{88568E47-F41C-4C4E-AAEC-DA6D2019C5A6}.Release|x86.ActiveCfg = Release|Any CPU
		{88568E47-F41C-4C4E-AAEC-DA6D2019C5A6}.Release|x86.Build.0 = Release|Any CPU
		{1A7B0C17-1355-445A-8981-89C9E1B76AB4}.Debug|Any CPU.ActiveCfg = Debug|Any CPU
		{1A7B0C17-1355-445A-8981-89C9E1B76AB4}.Debug|Any CPU.Build.0 = Debug|Any CPU
		{1A7B0C17-1355-445A-8981-89C9E1B76AB4}.Debug|x64.ActiveCfg = Debug|Any CPU
		{1A7B0C17-1355-445A-8981-89C9E1B76AB4}.Debug|x64.Build.0 = Debug|Any CPU
		{1A7B0C17-1355-445A-8981-89C9E1B76AB4}.Debug|x86.ActiveCfg = Debug|Any CPU
		{1A7B0C17-1355-445A-8981-89C9E1B76AB4}.Debug|x86.Build.0 = Debug|Any CPU
		{1A7B0C17-1355-445A-8981-89C9E1B76AB4}.Release|Any CPU.ActiveCfg = Release|Any CPU
		{1A7B0C17-1355-445A-8981-89C9E1B76AB4}.Release|Any CPU.Build.0 = Release|Any CPU
		{1A7B0C17-1355-445A-8981-89C9E1B76AB4}.Release|x64.ActiveCfg = Release|Any CPU
		{1A7B0C17-1355-445A-8981-89C9E1B76AB4}.Release|x64.Build.0 = Release|Any CPU
		{1A7B0C17-1355-445A-8981-89C9E1B76AB4}.Release|x86.ActiveCfg = Release|Any CPU
		{1A7B0C17-1355-445A-8981-89C9E1B76AB4}.Release|x86.Build.0 = Release|Any CPU
		{C5CBDFAC-3637-4D52-BBBD-9EABDCF1F28F}.Debug|Any CPU.ActiveCfg = Debug|Any CPU
		{C5CBDFAC-3637-4D52-BBBD-9EABDCF1F28F}.Debug|Any CPU.Build.0 = Debug|Any CPU
		{C5CBDFAC-3637-4D52-BBBD-9EABDCF1F28F}.Debug|x64.ActiveCfg = Debug|Any CPU
		{C5CBDFAC-3637-4D52-BBBD-9EABDCF1F28F}.Debug|x64.Build.0 = Debug|Any CPU
		{C5CBDFAC-3637-4D52-BBBD-9EABDCF1F28F}.Debug|x86.ActiveCfg = Debug|Any CPU
		{C5CBDFAC-3637-4D52-BBBD-9EABDCF1F28F}.Debug|x86.Build.0 = Debug|Any CPU
		{C5CBDFAC-3637-4D52-BBBD-9EABDCF1F28F}.Release|Any CPU.ActiveCfg = Release|Any CPU
		{C5CBDFAC-3637-4D52-BBBD-9EABDCF1F28F}.Release|Any CPU.Build.0 = Release|Any CPU
		{C5CBDFAC-3637-4D52-BBBD-9EABDCF1F28F}.Release|x64.ActiveCfg = Release|Any CPU
		{C5CBDFAC-3637-4D52-BBBD-9EABDCF1F28F}.Release|x64.Build.0 = Release|Any CPU
		{C5CBDFAC-3637-4D52-BBBD-9EABDCF1F28F}.Release|x86.ActiveCfg = Release|Any CPU
		{C5CBDFAC-3637-4D52-BBBD-9EABDCF1F28F}.Release|x86.Build.0 = Release|Any CPU
		{9D72DE0B-DC0B-47E7-96FA-2AFB05286CDE}.Debug|Any CPU.ActiveCfg = Debug|Any CPU
		{9D72DE0B-DC0B-47E7-96FA-2AFB05286CDE}.Debug|Any CPU.Build.0 = Debug|Any CPU
		{9D72DE0B-DC0B-47E7-96FA-2AFB05286CDE}.Debug|x64.ActiveCfg = Debug|Any CPU
		{9D72DE0B-DC0B-47E7-96FA-2AFB05286CDE}.Debug|x64.Build.0 = Debug|Any CPU
		{9D72DE0B-DC0B-47E7-96FA-2AFB05286CDE}.Debug|x86.ActiveCfg = Debug|Any CPU
		{9D72DE0B-DC0B-47E7-96FA-2AFB05286CDE}.Debug|x86.Build.0 = Debug|Any CPU
		{9D72DE0B-DC0B-47E7-96FA-2AFB05286CDE}.Release|Any CPU.ActiveCfg = Release|Any CPU
		{9D72DE0B-DC0B-47E7-96FA-2AFB05286CDE}.Release|Any CPU.Build.0 = Release|Any CPU
		{9D72DE0B-DC0B-47E7-96FA-2AFB05286CDE}.Release|x64.ActiveCfg = Release|Any CPU
		{9D72DE0B-DC0B-47E7-96FA-2AFB05286CDE}.Release|x64.Build.0 = Release|Any CPU
		{9D72DE0B-DC0B-47E7-96FA-2AFB05286CDE}.Release|x86.ActiveCfg = Release|Any CPU
		{9D72DE0B-DC0B-47E7-96FA-2AFB05286CDE}.Release|x86.Build.0 = Release|Any CPU
		{6C6476FB-3D4E-4545-93E6-FB6E29A45CCC}.Debug|Any CPU.ActiveCfg = Debug|Any CPU
		{6C6476FB-3D4E-4545-93E6-FB6E29A45CCC}.Debug|Any CPU.Build.0 = Debug|Any CPU
		{6C6476FB-3D4E-4545-93E6-FB6E29A45CCC}.Debug|x64.ActiveCfg = Debug|Any CPU
		{6C6476FB-3D4E-4545-93E6-FB6E29A45CCC}.Debug|x64.Build.0 = Debug|Any CPU
		{6C6476FB-3D4E-4545-93E6-FB6E29A45CCC}.Debug|x86.ActiveCfg = Debug|Any CPU
		{6C6476FB-3D4E-4545-93E6-FB6E29A45CCC}.Debug|x86.Build.0 = Debug|Any CPU
		{6C6476FB-3D4E-4545-93E6-FB6E29A45CCC}.Release|Any CPU.ActiveCfg = Release|Any CPU
		{6C6476FB-3D4E-4545-93E6-FB6E29A45CCC}.Release|Any CPU.Build.0 = Release|Any CPU
		{6C6476FB-3D4E-4545-93E6-FB6E29A45CCC}.Release|x64.ActiveCfg = Release|Any CPU
		{6C6476FB-3D4E-4545-93E6-FB6E29A45CCC}.Release|x64.Build.0 = Release|Any CPU
		{6C6476FB-3D4E-4545-93E6-FB6E29A45CCC}.Release|x86.ActiveCfg = Release|Any CPU
		{6C6476FB-3D4E-4545-93E6-FB6E29A45CCC}.Release|x86.Build.0 = Release|Any CPU
		{36EAF3EF-FEA6-4D54-B24D-A4A2AC0F8420}.Debug|Any CPU.ActiveCfg = Debug|Any CPU
		{36EAF3EF-FEA6-4D54-B24D-A4A2AC0F8420}.Debug|Any CPU.Build.0 = Debug|Any CPU
		{36EAF3EF-FEA6-4D54-B24D-A4A2AC0F8420}.Debug|x64.ActiveCfg = Debug|Any CPU
		{36EAF3EF-FEA6-4D54-B24D-A4A2AC0F8420}.Debug|x64.Build.0 = Debug|Any CPU
		{36EAF3EF-FEA6-4D54-B24D-A4A2AC0F8420}.Debug|x86.ActiveCfg = Debug|Any CPU
		{36EAF3EF-FEA6-4D54-B24D-A4A2AC0F8420}.Debug|x86.Build.0 = Debug|Any CPU
		{36EAF3EF-FEA6-4D54-B24D-A4A2AC0F8420}.Release|Any CPU.ActiveCfg = Release|Any CPU
		{36EAF3EF-FEA6-4D54-B24D-A4A2AC0F8420}.Release|Any CPU.Build.0 = Release|Any CPU
		{36EAF3EF-FEA6-4D54-B24D-A4A2AC0F8420}.Release|x64.ActiveCfg = Release|Any CPU
		{36EAF3EF-FEA6-4D54-B24D-A4A2AC0F8420}.Release|x64.Build.0 = Release|Any CPU
		{36EAF3EF-FEA6-4D54-B24D-A4A2AC0F8420}.Release|x86.ActiveCfg = Release|Any CPU
		{36EAF3EF-FEA6-4D54-B24D-A4A2AC0F8420}.Release|x86.Build.0 = Release|Any CPU
		{CE74B716-E1C5-42CC-9B3F-66E82FD7B78C}.Debug|Any CPU.ActiveCfg = Debug|Any CPU
		{CE74B716-E1C5-42CC-9B3F-66E82FD7B78C}.Debug|Any CPU.Build.0 = Debug|Any CPU
		{CE74B716-E1C5-42CC-9B3F-66E82FD7B78C}.Debug|x64.ActiveCfg = Debug|Any CPU
		{CE74B716-E1C5-42CC-9B3F-66E82FD7B78C}.Debug|x64.Build.0 = Debug|Any CPU
		{CE74B716-E1C5-42CC-9B3F-66E82FD7B78C}.Debug|x86.ActiveCfg = Debug|Any CPU
		{CE74B716-E1C5-42CC-9B3F-66E82FD7B78C}.Debug|x86.Build.0 = Debug|Any CPU
		{CE74B716-E1C5-42CC-9B3F-66E82FD7B78C}.Release|Any CPU.ActiveCfg = Release|Any CPU
		{CE74B716-E1C5-42CC-9B3F-66E82FD7B78C}.Release|Any CPU.Build.0 = Release|Any CPU
		{CE74B716-E1C5-42CC-9B3F-66E82FD7B78C}.Release|x64.ActiveCfg = Release|Any CPU
		{CE74B716-E1C5-42CC-9B3F-66E82FD7B78C}.Release|x64.Build.0 = Release|Any CPU
		{CE74B716-E1C5-42CC-9B3F-66E82FD7B78C}.Release|x86.ActiveCfg = Release|Any CPU
		{CE74B716-E1C5-42CC-9B3F-66E82FD7B78C}.Release|x86.Build.0 = Release|Any CPU
	EndGlobalSection
	GlobalSection(SolutionProperties) = preSolution
		HideSolutionNode = FALSE
	EndGlobalSection
	GlobalSection(NestedProjects) = preSolution
		{5F1C0E60-4446-4011-84A9-161810A4ABAC} = {827E0CD3-B72D-47B6-A68D-7590B98EB39B}
		{88568E47-F41C-4C4E-AAEC-DA6D2019C5A6} = {827E0CD3-B72D-47B6-A68D-7590B98EB39B}
		{1A7B0C17-1355-445A-8981-89C9E1B76AB4} = {827E0CD3-B72D-47B6-A68D-7590B98EB39B}
		{C5CBDFAC-3637-4D52-BBBD-9EABDCF1F28F} = {827E0CD3-B72D-47B6-A68D-7590B98EB39B}
		{9D72DE0B-DC0B-47E7-96FA-2AFB05286CDE} = {827E0CD3-B72D-47B6-A68D-7590B98EB39B}
		{6C6476FB-3D4E-4545-93E6-FB6E29A45CCC} = {827E0CD3-B72D-47B6-A68D-7590B98EB39B}
		{36EAF3EF-FEA6-4D54-B24D-A4A2AC0F8420} = {827E0CD3-B72D-47B6-A68D-7590B98EB39B}
		{CE74B716-E1C5-42CC-9B3F-66E82FD7B78C} = {0AB3BF05-4346-4AA6-1389-037BE0695223}
	EndGlobalSection
EndGlobal
